
Microsoft Visual Studio Solution File, Format Version 12.00
# Visual Studio Version 17
VisualStudioVersion = 17.11.35222.181
MinimumVisualStudioVersion = 10.0.40219.1
Project("{FAE04EC0-301F-11D3-BF4B-00C04F79EFBC}") = "BlazorComponent", "BlazorComponent\BlazorComponent.csproj", "{C531A8B9-FB97-441F-9584-C0B82DF252F8}"
EndProject
Global
	GlobalSection(SolutionConfigurationPlatforms) = preSolution
		Debug|Any CPU = Debug|Any CPU
		Release|Any CPU = Release|Any CPU
	EndGlobalSection
	GlobalSection(ProjectConfigurationPlatforms) = postSolution
		{C531A8B9-FB97-441F-9584-C0B82DF252F8}.Debug|Any CPU.ActiveCfg = Debug|Any CPU
		{C531A8B9-FB97-441F-9584-C0B82DF252F8}.Debug|Any CPU.Build.0 = Debug|Any CPU
		{C531A8B9-FB97-441F-9584-C0B82DF252F8}.Release|Any CPU.ActiveCfg = Release|Any CPU
		{C531A8B9-FB97-441F-9584-C0B82DF252F8}.Release|Any CPU.Build.0 = Release|Any CPU
	EndGlobalSection
	GlobalSection(SolutionProperties) = preSolution
		HideSolutionNode = FALSE
	EndGlobalSection
	GlobalSection(ExtensibilityGlobals) = postSolution
		SolutionGuid = {60FF6251-FCD4-4818-8315-BFC7DFE29FA2}
	EndGlobalSection
EndGlobal
